
Microsoft Visual Studio Solution File, Format Version 12.00
Project("{FAE04EC0-301F-11D3-BF4B-00C04F79EFBC}") = "TheMakingsOfAProgrammer", "TheMakingsOfAProgrammer.csproj", "{6304D858-E9FA-4947-BBCC-6CE0FF4DD52B}"
EndProject
Global
	GlobalSection(SolutionConfigurationPlatforms) = preSolution
		Debug|Any CPU = Debug|Any CPU
		Release|Any CPU = Release|Any CPU
	EndGlobalSection
	GlobalSection(ProjectConfigurationPlatforms) = postSolution
		{6304D858-E9FA-4947-BBCC-6CE0FF4DD52B}.Debug|Any CPU.ActiveCfg = Debug|Any CPU
		{6304D858-E9FA-4947-BBCC-6CE0FF4DD52B}.Debug|Any CPU.Build.0 = Debug|Any CPU
		{6304D858-E9FA-4947-BBCC-6CE0FF4DD52B}.Release|Any CPU.ActiveCfg = Release|Any CPU
		{6304D858-E9FA-4947-BBCC-6CE0FF4DD52B}.Release|Any CPU.Build.0 = Release|Any CPU
	EndGlobalSection
EndGlobal
