
Microsoft Visual Studio Solution File, Format Version 12.00
Project("{FAE04EC0-301F-11D3-BF4B-00C04F79EFBC}") = "BuyingInventory", "BuyingInventory.csproj", "{2ED1A1F4-2446-4E89-BB50-8A7F7A0AA517}"
EndProject
Global
	GlobalSection(SolutionConfigurationPlatforms) = preSolution
		Debug|Any CPU = Debug|Any CPU
		Release|Any CPU = Release|Any CPU
	EndGlobalSection
	GlobalSection(ProjectConfigurationPlatforms) = postSolution
		{2ED1A1F4-2446-4E89-BB50-8A7F7A0AA517}.Debug|Any CPU.ActiveCfg = Debug|Any CPU
		{2ED1A1F4-2446-4E89-BB50-8A7F7A0AA517}.Debug|Any CPU.Build.0 = Debug|Any CPU
		{2ED1A1F4-2446-4E89-BB50-8A7F7A0AA517}.Release|Any CPU.ActiveCfg = Release|Any CPU
		{2ED1A1F4-2446-4E89-BB50-8A7F7A0AA517}.Release|Any CPU.Build.0 = Release|Any CPU
	EndGlobalSection
EndGlobal
